
Microsoft Visual Studio Solution File, Format Version 12.00
# Visual Studio Version 17
VisualStudioVersion = 17.0.31903.59
MinimumVisualStudioVersion = 10.0.40219.1
Project("{FAE04EC0-301F-11D3-BF4B-00C04F79EFBC}") = "PaymentContext.Domain", "PaymentContext.Domain\PaymentContext.Domain.csproj", "{21655EAF-23CB-4F18-86A9-94D7414623A4}"
EndProject
Project("{FAE04EC0-301F-11D3-BF4B-00C04F79EFBC}") = "PaymentContext.Shared", "PaymentContext.Shared\PaymentContext.Shared.csproj", "{A2447AC1-7773-4C46-85E0-6EC8779E1B69}"
EndProject
Project("{FAE04EC0-301F-11D3-BF4B-00C04F79EFBC}") = "PaymentContext.Tests", "PaymentContext.Tests\PaymentContext.Tests.csproj", "{355B7AAD-D2C7-42FA-B830-90765768199E}"
EndProject
Global
	GlobalSection(SolutionConfigurationPlatforms) = preSolution
		Debug|Any CPU = Debug|Any CPU
		Release|Any CPU = Release|Any CPU
	EndGlobalSection
	GlobalSection(SolutionProperties) = preSolution
		HideSolutionNode = FALSE
	EndGlobalSection
	GlobalSection(ProjectConfigurationPlatforms) = postSolution
		{21655EAF-23CB-4F18-86A9-94D7414623A4}.Debug|Any CPU.ActiveCfg = Debug|Any CPU
		{21655EAF-23CB-4F18-86A9-94D7414623A4}.Debug|Any CPU.Build.0 = Debug|Any CPU
		{21655EAF-23CB-4F18-86A9-94D7414623A4}.Release|Any CPU.ActiveCfg = Release|Any CPU
		{21655EAF-23CB-4F18-86A9-94D7414623A4}.Release|Any CPU.Build.0 = Release|Any CPU
		{A2447AC1-7773-4C46-85E0-6EC8779E1B69}.Debug|Any CPU.ActiveCfg = Debug|Any CPU
		{A2447AC1-7773-4C46-85E0-6EC8779E1B69}.Debug|Any CPU.Build.0 = Debug|Any CPU
		{A2447AC1-7773-4C46-85E0-6EC8779E1B69}.Release|Any CPU.ActiveCfg = Release|Any CPU
		{A2447AC1-7773-4C46-85E0-6EC8779E1B69}.Release|Any CPU.Build.0 = Release|Any CPU
		{355B7AAD-D2C7-42FA-B830-90765768199E}.Debug|Any CPU.ActiveCfg = Debug|Any CPU
		{355B7AAD-D2C7-42FA-B830-90765768199E}.Debug|Any CPU.Build.0 = Debug|Any CPU
		{355B7AAD-D2C7-42FA-B830-90765768199E}.Release|Any CPU.ActiveCfg = Release|Any CPU
		{355B7AAD-D2C7-42FA-B830-90765768199E}.Release|Any CPU.Build.0 = Release|Any CPU
	EndGlobalSection
EndGlobal
